// !$*UTF8*$!
{
	archiveVersion = 1;
	classes = {
	};
	objectVersion = 55;
	objects = {

/* Begin PBXBuildFile section */
		BFC648942962BB340030600C /* AppDelegate.swift in Sources */ = {isa = PBXBuildFile; fileRef = BFC648932962BB340030600C /* AppDelegate.swift */; };
		BFC648962962BB340030600C /* SceneDelegate.swift in Sources */ = {isa = PBXBuildFile; fileRef = BFC648952962BB340030600C /* SceneDelegate.swift */; };
		BFC648982962BB340030600C /* ViewController.swift in Sources */ = {isa = PBXBuildFile; fileRef = BFC648972962BB340030600C /* ViewController.swift */; };
		BFC6489B2962BB340030600C /* Main.storyboard in Resources */ = {isa = PBXBuildFile; fileRef = BFC648992962BB340030600C /* Main.storyboard */; };
		BFC6489D2962BB350030600C /* Assets.xcassets in Resources */ = {isa = PBXBuildFile; fileRef = BFC6489C2962BB350030600C /* Assets.xcassets */; };
		BFC648A02962BB350030600C /* LaunchScreen.storyboard in Resources */ = {isa = PBXBuildFile; fileRef = BFC6489E2962BB350030600C /* LaunchScreen.storyboard */; };
		BFC648AB2962BB360030600C /* JobEarthTests.swift in Sources */ = {isa = PBXBuildFile; fileRef = BFC648AA2962BB360030600C /* JobEarthTests.swift */; };
/* End PBXBuildFile section */

/* Begin PBXContainerItemProxy section */
		BFC648A72962BB360030600C /* PBXContainerItemProxy */ = {
			isa = PBXContainerItemProxy;
			containerPortal = BFC648882962BB340030600C /* Project object */;
			proxyType = 1;
			remoteGlobalIDString = BFC6488F2962BB340030600C;
			remoteInfo = JobEarth;
		};
		BFC648B12962BB360030600C /* PBXContainerItemProxy */ = {
			isa = PBXContainerItemProxy;
			containerPortal = BFC648882962BB340030600C /* Project object */;
			proxyType = 1;
			remoteGlobalIDString = BFC6488F2962BB340030600C;
			remoteInfo = JobEarth;
		};
/* End PBXContainerItemProxy section */

/* Begin PBXFileReference section */
		BFC648902962BB340030600C /* JobEarth.app */ = {isa = PBXFileReference; explicitFileType = wrapper.application; includeInIndex = 0; path = JobEarth.app; sourceTree = BUILT_PRODUCTS_DIR; };
		BFC648932962BB340030600C /* AppDelegate.swift */ = {isa = PBXFileReference; lastKnownFileType = sourcecode.swift; path = AppDelegate.swift; sourceTree = "<group>"; };
		BFC648952962BB340030600C /* SceneDelegate.swift */ = {isa = PBXFileReference; lastKnownFileType = sourcecode.swift; path = SceneDelegate.swift; sourceTree = "<group>"; };
		BFC648972962BB340030600C /* ViewController.swift */ = {isa = PBXFileReference; lastKnownFileType = sourcecode.swift; path = ViewController.swift; sourceTree = "<group>"; };
		BFC6489A2962BB340030600C /* Base */ = {isa = PBXFileReference; lastKnownFileType = file.storyboard; name = Base; path = Base.lproj/Main.storyboard; sourceTree = "<group>"; };
		BFC6489C2962BB350030600C /* Assets.xcassets */ = {isa = PBXFileReference; lastKnownFileType = folder.assetcatalog; path = Assets.xcassets; sourceTree = "<group>"; };
		BFC6489F2962BB350030600C /* Base */ = {isa = PBXFileReference; lastKnownFileType = file.storyboard; name = Base; path = Base.lproj/LaunchScreen.storyboard; sourceTree = "<group>"; };
		BFC648A12962BB350030600C /* Info.plist */ = {isa = PBXFileReference; lastKnownFileType = text.plist.xml; path = Info.plist; sourceTree = "<group>"; };
		BFC648A62962BB360030600C /* JobEarthTests.xctest */ = {isa = PBXFileReference; explicitFileType = wrapper.cfbundle; includeInIndex = 0; path = JobEarthTests.xctest; sourceTree = BUILT_PRODUCTS_DIR; };
		BFC648AA2962BB360030600C /* JobEarthTests.swift */ = {isa = PBXFileReference; lastKnownFileType = sourcecode.swift; path = JobEarthTests.swift; sourceTree = "<group>"; };
		BFC648B02962BB360030600C /* JobEarthUITests.xctest */ = {isa = PBXFileReference; explicitFileType = wrapper.cfbundle; includeInIndex = 0; path = JobEarthUITests.xctest; sourceTree = BUILT_PRODUCTS_DIR; };
/* End PBXFileReference section */

/* Begin PBXFrameworksBuildPhase section */
		BFC6488D2962BB340030600C /* Frameworks */ = {
			isa = PBXFrameworksBuildPhase;
			buildActionMask = 2147483647;
			files = (
			);
			runOnlyForDeploymentPostprocessing = 0;
		};
		BFC648A32962BB360030600C /* Frameworks */ = {
			isa = PBXFrameworksBuildPhase;
			buildActionMask = 2147483647;
			files = (
			);
			runOnlyForDeploymentPostprocessing = 0;
		};
		BFC648AD2962BB360030600C /* Frameworks */ = {
			isa = PBXFrameworksBuildPhase;
			buildActionMask = 2147483647;
			files = (
			);
			runOnlyForDeploymentPostprocessing = 0;
		};
/* End PBXFrameworksBuildPhase section */

/* Begin PBXGroup section */
		BFC648872962BB340030600C = {
			isa = PBXGroup;
			children = (
				BFC648922962BB340030600C /* JobEarth */,
				BFC648A92962BB360030600C /* JobEarthTests */,
				BFC648912962BB340030600C /* Products */,
			);
			sourceTree = "<group>";
		};
		BFC648912962BB340030600C /* Products */ = {
			isa = PBXGroup;
			children = (
				BFC648902962BB340030600C /* JobEarth.app */,
				BFC648A62962BB360030600C /* JobEarthTests.xctest */,
				BFC648B02962BB360030600C /* JobEarthUITests.xctest */,
			);
			name = Products;
			sourceTree = "<group>";
		};
		BFC648922962BB340030600C /* JobEarth */ = {
			isa = PBXGroup;
			children = (
				BFC648932962BB340030600C /* AppDelegate.swift */,
				BFC648952962BB340030600C /* SceneDelegate.swift */,
				BFC648972962BB340030600C /* ViewController.swift */,
				BFC648992962BB340030600C /* Main.storyboard */,
				BFC6489C2962BB350030600C /* Assets.xcassets */,
				BFC6489E2962BB350030600C /* LaunchScreen.storyboard */,
				BFC648A12962BB350030600C /* Info.plist */,
			);
			path = JobEarth;
			sourceTree = "<group>";
		};
		BFC648A92962BB360030600C /* JobEarthTests */ = {
			isa = PBXGroup;
			children = (
				BFC648AA2962BB360030600C /* JobEarthTests.swift */,
			);
			path = JobEarthTests;
			sourceTree = "<group>";
		};
/* End PBXGroup section */

/* Begin PBXNativeTarget section */
		BFC6488F2962BB340030600C /* JobEarth */ = {
			isa = PBXNativeTarget;
			buildConfigurationList = BFC648BA2962BB360030600C /* Build configuration list for PBXNativeTarget "JobEarth" */;
			buildPhases = (
				BFC6488C2962BB340030600C /* Sources */,
				BFC6488D2962BB340030600C /* Frameworks */,
				BFC6488E2962BB340030600C /* Resources */,
			);
			buildRules = (
			);
			dependencies = (
			);
			name = JobEarth;
			productName = JobEarth;
			productReference = BFC648902962BB340030600C /* JobEarth.app */;
			productType = "com.apple.product-type.application";
		};
		BFC648A52962BB360030600C /* JobEarthTests */ = {
			isa = PBXNativeTarget;
			buildConfigurationList = BFC648BD2962BB360030600C /* Build configuration list for PBXNativeTarget "JobEarthTests" */;
			buildPhases = (
				BFC648A22962BB360030600C /* Sources */,
				BFC648A32962BB360030600C /* Frameworks */,
				BFC648A42962BB360030600C /* Resources */,
			);
			buildRules = (
			);
			dependencies = (
				BFC648A82962BB360030600C /* PBXTargetDependency */,
			);
			name = JobEarthTests;
			productName = JobEarthTests;
			productReference = BFC648A62962BB360030600C /* JobEarthTests.xctest */;
			productType = "com.apple.product-type.bundle.unit-test";
		};
		BFC648AF2962BB360030600C /* JobEarthUITests */ = {
			isa = PBXNativeTarget;
			buildConfigurationList = BFC648C02962BB360030600C /* Build configuration list for PBXNativeTarget "JobEarthUITests" */;
			buildPhases = (
				BFC648AC2962BB360030600C /* Sources */,
				BFC648AD2962BB360030600C /* Frameworks */,
				BFC648AE2962BB360030600C /* Resources */,
			);
			buildRules = (
			);
			dependencies = (
				BFC648B22962BB360030600C /* PBXTargetDependency */,
			);
			name = JobEarthUITests;
			productName = JobEarthUITests;
			productReference = BFC648B02962BB360030600C /* JobEarthUITests.xctest */;
			productType = "com.apple.product-type.bundle.ui-testing";
		};
/* End PBXNativeTarget section */

/* Begin PBXProject section */
		BFC648882962BB340030600C /* Project object */ = {
			isa = PBXProject;
			attributes = {
				BuildIndependentTargetsInParallel = 1;
				LastSwiftUpdateCheck = 1340;
				LastUpgradeCheck = 1340;
				TargetAttributes = {
					BFC6488F2962BB340030600C = {
						CreatedOnToolsVersion = 13.4;
					};
					BFC648A52962BB360030600C = {
						CreatedOnToolsVersion = 13.4;
						TestTargetID = BFC6488F2962BB340030600C;
					};
					BFC648AF2962BB360030600C = {
						CreatedOnToolsVersion = 13.4;
						TestTargetID = BFC6488F2962BB340030600C;
					};
				};
			};
			buildConfigurationList = BFC6488B2962BB340030600C /* Build configuration list for PBXProject "JobEarth" */;
			compatibilityVersion = "Xcode 13.0";
			developmentRegion = en;
			hasScannedForEncodings = 0;
			knownRegions = (
				en,
				Base,
			);
			mainGroup = BFC648872962BB340030600C;
			productRefGroup = BFC648912962BB340030600C /* Products */;
			projectDirPath = "";
			projectRoot = "";
			targets = (
				BFC6488F2962BB340030600C /* JobEarth */,
				BFC648A52962BB360030600C /* JobEarthTests */,
				BFC648AF2962BB360030600C /* JobEarthUITests */,
			);
		};
/* End PBXProject section */

/* Begin PBXResourcesBuildPhase section */
		BFC6488E2962BB340030600C /* Resources */ = {
			isa = PBXResourcesBuildPhase;
			buildActionMask = 2147483647;
			files = (
				BFC648A02962BB350030600C /* LaunchScreen.storyboard in Resources */,
				BFC6489D2962BB350030600C /* Assets.xcassets in Resources */,
				BFC6489B2962BB340030600C /* Main.storyboard in Resources */,
			);
			runOnlyForDeploymentPostprocessing = 0;
		};
		BFC648A42962BB360030600C /* Resources */ = {
			isa = PBXResourcesBuildPhase;
			buildActionMask = 2147483647;
			files = (
			);
			runOnlyForDeploymentPostprocessing = 0;
		};
		BFC648AE2962BB360030600C /* Resources */ = {
			isa = PBXResourcesBuildPhase;
			buildActionMask = 2147483647;
			files = (
			);
			runOnlyForDeploymentPostprocessing = 0;
		};
/* End PBXResourcesBuildPhase section */

/* Begin PBXSourcesBuildPhase section */
		BFC6488C2962BB340030600C /* Sources */ = {
			isa = PBXSourcesBuildPhase;
			buildActionMask = 2147483647;
			files = (
				BFC648982962BB340030600C /* ViewController.swift in Sources */,
				BFC648942962BB340030600C /* AppDelegate.swift in Sources */,
				BFC648962962BB340030600C /* SceneDelegate.swift in Sources */,
			);
			runOnlyForDeploymentPostprocessing = 0;
		};
		BFC648A22962BB360030600C /* Sources */ = {
			isa = PBXSourcesBuildPhase;
			buildActionMask = 2147483647;
			files = (
				BFC648AB2962BB360030600C /* JobEarthTests.swift in Sources */,
			);
			runOnlyForDeploymentPostprocessing = 0;
		};
		BFC648AC2962BB360030600C /* Sources */ = {
			isa = PBXSourcesBuildPhase;
			buildActionMask = 2147483647;
			files = (
			);
			runOnlyForDeploymentPostprocessing = 0;
		};
/* End PBXSourcesBuildPhase section */

/* Begin PBXTargetDependency section */
		BFC648A82962BB360030600C /* PBXTargetDependency */ = {
			isa = PBXTargetDependency;
			target = BFC6488F2962BB340030600C /* JobEarth */;
			targetProxy = BFC648A72962BB360030600C /* PBXContainerItemProxy */;
		};
		BFC648B22962BB360030600C /* PBXTargetDependency */ = {
			isa = PBXTargetDependency;
			target = BFC6488F2962BB340030600C /* JobEarth */;
			targetProxy = BFC648B12962BB360030600C /* PBXContainerItemProxy */;
		};
/* End PBXTargetDependency section */

/* Begin PBXVariantGroup section */
		BFC648992962BB340030600C /* Main.storyboard */ = {
			isa = PBXVariantGroup;
			children = (
				BFC6489A2962BB340030600C /* Base */,
			);
			name = Main.storyboard;
			sourceTree = "<group>";
		};
		BFC6489E2962BB350030600C /* LaunchScreen.storyboard */ = {
			isa = PBXVariantGroup;
			children = (
				BFC6489F2962BB350030600C /* Base */,
			);
			name = LaunchScreen.storyboard;
			sourceTree = "<group>";
		};
/* End PBXVariantGroup section */

/* Begin XCBuildConfiguration section */
		BFC648B82962BB360030600C /* Debug */ = {
			isa = XCBuildConfiguration;
			buildSettings = {
				ALWAYS_SEARCH_USER_PATHS = NO;
				CLANG_ANALYZER_NONNULL = YES;
				CLANG_ANALYZER_NUMBER_OBJECT_CONVERSION = YES_AGGRESSIVE;
				CLANG_CXX_LANGUAGE_STANDARD = "gnu++17";
				CLANG_ENABLE_MODULES = YES;
				CLANG_ENABLE_OBJC_ARC = YES;
				CLANG_ENABLE_OBJC_WEAK = YES;
				CLANG_WARN_BLOCK_CAPTURE_AUTORELEASING = YES;
				CLANG_WARN_BOOL_CONVERSION = YES;
				CLANG_WARN_COMMA = YES;
				CLANG_WARN_CONSTANT_CONVERSION = YES;
				CLANG_WARN_DEPRECATED_OBJC_IMPLEMENTATIONS = YES;
				CLANG_WARN_DIRECT_OBJC_ISA_USAGE = YES_ERROR;
				CLANG_WARN_DOCUMENTATION_COMMENTS = YES;
				CLANG_WARN_EMPTY_BODY = YES;
				CLANG_WARN_ENUM_CONVERSION = YES;
				CLANG_WARN_INFINITE_RECURSION = YES;
				CLANG_WARN_INT_CONVERSION = YES;
				CLANG_WARN_NON_LITERAL_NULL_CONVERSION = YES;
				CLANG_WARN_OBJC_IMPLICIT_RETAIN_SELF = YES;
				CLANG_WARN_OBJC_LITERAL_CONVERSION = YES;
				CLANG_WARN_OBJC_ROOT_CLASS = YES_ERROR;
				CLANG_WARN_QUOTED_INCLUDE_IN_FRAMEWORK_HEADER = YES;
				CLANG_WARN_RANGE_LOOP_ANALYSIS = YES;
				CLANG_WARN_STRICT_PROTOTYPES = YES;
				CLANG_WARN_SUSPICIOUS_MOVE = YES;
				CLANG_WARN_UNGUARDED_AVAILABILITY = YES_AGGRESSIVE;
				CLANG_WARN_UNREACHABLE_CODE = YES;
				CLANG_WARN__DUPLICATE_METHOD_MATCH = YES;
				COPY_PHASE_STRIP = NO;
				DEBUG_INFORMATION_FORMAT = dwarf;
				ENABLE_STRICT_OBJC_MSGSEND = YES;
				ENABLE_TESTABILITY = YES;
				GCC_C_LANGUAGE_STANDARD = gnu11;
				GCC_DYNAMIC_NO_PIC = NO;
				GCC_NO_COMMON_BLOCKS = YES;
				GCC_OPTIMIZATION_LEVEL = 0;
				GCC_PREPROCESSOR_DEFINITIONS = (
					"DEBUG=1",
					"$(inherited)",
				);
				GCC_WARN_64_TO_32_BIT_CONVERSION = YES;
				GCC_WARN_ABOUT_RETURN_TYPE = YES_ERROR;
				GCC_WARN_UNDECLARED_SELECTOR = YES;
				GCC_WARN_UNINITIALIZED_AUTOS = YES_AGGRESSIVE;
				GCC_WARN_UNUSED_FUNCTION = YES;
				GCC_WARN_UNUSED_VARIABLE = YES;
				IPHONEOS_DEPLOYMENT_TARGET = 15.5;
				MTL_ENABLE_DEBUG_INFO = INCLUDE_SOURCE;
				MTL_FAST_MATH = YES;
				ONLY_ACTIVE_ARCH = YES;
				SDKROOT = iphoneos;
				SWIFT_ACTIVE_COMPILATION_CONDITIONS = DEBUG;
				SWIFT_OPTIMIZATION_LEVEL = "-Onone";
			};
			name = Debug;
		};
		BFC648B92962BB360030600C /* Release */ = {
			isa = XCBuildConfiguration;
			buildSettings = {
				ALWAYS_SEARCH_USER_PATHS = NO;
				CLANG_ANALYZER_NONNULL = YES;
				CLANG_ANALYZER_NUMBER_OBJECT_CONVERSION = YES_AGGRESSIVE;
				CLANG_CXX_LANGUAGE_STANDARD = "gnu++17";
				CLANG_ENABLE_MODULES = YES;
				CLANG_ENABLE_OBJC_ARC = YES;
				CLANG_ENABLE_OBJC_WEAK = YES;
				CLANG_WARN_BLOCK_CAPTURE_AUTORELEASING = YES;
				CLANG_WARN_BOOL_CONVERSION = YES;
				CLANG_WARN_COMMA = YES;
				CLANG_WARN_CONSTANT_CONVERSION = YES;
				CLANG_WARN_DEPRECATED_OBJC_IMPLEMENTATIONS = YES;
				CLANG_WARN_DIRECT_OBJC_ISA_USAGE = YES_ERROR;
				CLANG_WARN_DOCUMENTATION_COMMENTS = YES;
				CLANG_WARN_EMPTY_BODY = YES;
				CLANG_WARN_ENUM_CONVERSION = YES;
				CLANG_WARN_INFINITE_RECURSION = YES;
				CLANG_WARN_INT_CONVERSION = YES;
				CLANG_WARN_NON_LITERAL_NULL_CONVERSION = YES;
				CLANG_WARN_OBJC_IMPLICIT_RETAIN_SELF = YES;
				CLANG_WARN_OBJC_LITERAL_CONVERSION = YES;
				CLANG_WARN_OBJC_ROOT_CLASS = YES_ERROR;
				CLANG_WARN_QUOTED_INCLUDE_IN_FRAMEWORK_HEADER = YES;
				CLANG_WARN_RANGE_LOOP_ANALYSIS = YES;
				CLANG_WARN_STRICT_PROTOTYPES = YES;
				CLANG_WARN_SUSPICIOUS_MOVE = YES;
				CLANG_WARN_UNGUARDED_AVAILABILITY = YES_AGGRESSIVE;
				CLANG_WARN_UNREACHABLE_CODE = YES;
				CLANG_WARN__DUPLICATE_METHOD_MATCH = YES;
				COPY_PHASE_STRIP = NO;
				DEBUG_INFORMATION_FORMAT = "dwarf-with-dsym";
				ENABLE_NS_ASSERTIONS = NO;
				ENABLE_STRICT_OBJC_MSGSEND = YES;
				GCC_C_LANGUAGE_STANDARD = gnu11;
				GCC_NO_COMMON_BLOCKS = YES;
				GCC_WARN_64_TO_32_BIT_CONVERSION = YES;
				GCC_WARN_ABOUT_RETURN_TYPE = YES_ERROR;
				GCC_WARN_UNDECLARED_SELECTOR = YES;
				GCC_WARN_UNINITIALIZED_AUTOS = YES_AGGRESSIVE;
				GCC_WARN_UNUSED_FUNCTION = YES;
				GCC_WARN_UNUSED_VARIABLE = YES;
				IPHONEOS_DEPLOYMENT_TARGET = 15.5;
				MTL_ENABLE_DEBUG_INFO = NO;
				MTL_FAST_MATH = YES;
				SDKROOT = iphoneos;
				SWIFT_COMPILATION_MODE = wholemodule;
				SWIFT_OPTIMIZATION_LEVEL = "-O";
				VALIDATE_PRODUCT = YES;
			};
			name = Release;
		};
		BFC648BB2962BB360030600C /* Debug */ = {
			isa = XCBuildConfiguration;
			buildSettings = {
				ASSETCATALOG_COMPILER_APPICON_NAME = AppIcon;
				ASSETCATALOG_COMPILER_GLOBAL_ACCENT_COLOR_NAME = AccentColor;
				CODE_SIGN_STYLE = Automatic;
				CURRENT_PROJECT_VERSION = 1;
				DEVELOPMENT_TEAM = 6RZRPUZ77T;
				GENERATE_INFOPLIST_FILE = YES;
				INFOPLIST_FILE = JobEarth/Info.plist;
				INFOPLIST_KEY_UIApplicationSupportsIndirectInputEvents = YES;
				INFOPLIST_KEY_UILaunchStoryboardName = LaunchScreen;
				INFOPLIST_KEY_UIMainStoryboardFile = Main;
				INFOPLIST_KEY_UISupportedInterfaceOrientations_iPad = "UIInterfaceOrientationPortrait UIInterfaceOrientationPortraitUpsideDown UIInterfaceOrientationLandscapeLeft UIInterfaceOrientationLandscapeRight";
				INFOPLIST_KEY_UISupportedInterfaceOrientations_iPhone = "UIInterfaceOrientationPortrait UIInterfaceOrientationLandscapeLeft UIInterfaceOrientationLandscapeRight";
				LD_RUNPATH_SEARCH_PATHS = (
					"$(inherited)",
					"@executable_path/Frameworks",
				);
				MARKETING_VERSION = 1.0;
				PRODUCT_BUNDLE_IDENTIFIER = com.simon.JobEarth;
				PRODUCT_NAME = "$(TARGET_NAME)";
				SWIFT_EMIT_LOC_STRINGS = YES;
				SWIFT_VERSION = 5.0;
				TARGETED_DEVICE_FAMILY = "1,2";
			};
			name = Debug;
		};
		BFC648BC2962BB360030600C /* Release */ = {
			isa = XCBuildConfiguration;
			buildSettings = {
				ASSETCATALOG_COMPILER_APPICON_NAME = AppIcon;
				ASSETCATALOG_COMPILER_GLOBAL_ACCENT_COLOR_NAME = AccentColor;
				CODE_SIGN_STYLE = Automatic;
				CURRENT_PROJECT_VERSION = 1;
				DEVELOPMENT_TEAM = 6RZRPUZ77T;
				GENERATE_INFOPLIST_FILE = YES;
				INFOPLIST_FILE = JobEarth/Info.plist;
				INFOPLIST_KEY_UIApplicationSupportsIndirectInputEvents = YES;
				INFOPLIST_KEY_UILaunchStoryboardName = LaunchScreen;
				INFOPLIST_KEY_UIMainStoryboardFile = Main;
				INFOPLIST_KEY_UISupportedInterfaceOrientations_iPad = "UIInterfaceOrientationPortrait UIInterfaceOrientationPortraitUpsideDown UIInterfaceOrientationLandscapeLeft UIInterfaceOrientationLandscapeRight";
				INFOPLIST_KEY_UISupportedInterfaceOrientations_iPhone = "UIInterfaceOrientationPortrait UIInterfaceOrientationLandscapeLeft UIInterfaceOrientationLandscapeRight";
				LD_RUNPATH_SEARCH_PATHS = (
					"$(inherited)",
					"@executable_path/Frameworks",
				);
				MARKETING_VERSION = 1.0;
				PRODUCT_BUNDLE_IDENTIFIER = com.simon.JobEarth;
				PRODUCT_NAME = "$(TARGET_NAME)";
				SWIFT_EMIT_LOC_STRINGS = YES;
				SWIFT_VERSION = 5.0;
				TARGETED_DEVICE_FAMILY = "1,2";
			};
			name = Release;
		};
		BFC648BE2962BB360030600C /* Debug */ = {
			isa = XCBuildConfiguration;
			buildSettings = {
				ALWAYS_EMBED_SWIFT_STANDARD_LIBRARIES = YES;
				BUNDLE_LOADER = "$(TEST_HOST)";
				CODE_SIGN_STYLE = Automatic;
				CURRENT_PROJECT_VERSION = 1;
				DEVELOPMENT_TEAM = 6RZRPUZ77T;
				GENERATE_INFOPLIST_FILE = YES;
				IPHONEOS_DEPLOYMENT_TARGET = 15.5;
				MARKETING_VERSION = 1.0;
				PRODUCT_BUNDLE_IDENTIFIER = com.simon.JobEarthTests;
				PRODUCT_NAME = "$(TARGET_NAME)";
				SWIFT_EMIT_LOC_STRINGS = NO;
				SWIFT_VERSION = 5.0;
				TARGETED_DEVICE_FAMILY = "1,2";
				TEST_HOST = "$(BUILT_PRODUCTS_DIR)/JobEarth.app/JobEarth";
			};
			name = Debug;
		};
		BFC648BF2962BB360030600C /* Release */ = {
			isa = XCBuildConfiguration;
			buildSettings = {
				ALWAYS_EMBED_SWIFT_STANDARD_LIBRARIES = YES;
				BUNDLE_LOADER = "$(TEST_HOST)";
				CODE_SIGN_STYLE = Automatic;
				CURRENT_PROJECT_VERSION = 1;
				DEVELOPMENT_TEAM = 6RZRPUZ77T;
				GENERATE_INFOPLIST_FILE = YES;
				IPHONEOS_DEPLOYMENT_TARGET = 15.5;
				MARKETING_VERSION = 1.0;
				PRODUCT_BUNDLE_IDENTIFIER = com.simon.JobEarthTests;
				PRODUCT_NAME = "$(TARGET_NAME)";
				SWIFT_EMIT_LOC_STRINGS = NO;
				SWIFT_VERSION = 5.0;
				TARGETED_DEVICE_FAMILY = "1,2";
				TEST_HOST = "$(BUILT_PRODUCTS_DIR)/JobEarth.app/JobEarth";
			};
			name = Release;
		};
		BFC648C12962BB360030600C /* Debug */ = {
			isa = XCBuildConfiguration;
			buildSettings = {
				ALWAYS_EMBED_SWIFT_STANDARD_LIBRARIES = YES;
				CODE_SIGN_STYLE = Automatic;
				CURRENT_PROJECT_VERSION = 1;
				DEVELOPMENT_TEAM = 6RZRPUZ77T;
				GENERATE_INFOPLIST_FILE = YES;
				MARKETING_VERSION = 1.0;
				PRODUCT_BUNDLE_IDENTIFIER = com.simon.JobEarthUITests;
				PRODUCT_NAME = "$(TARGET_NAME)";
				SWIFT_EMIT_LOC_STRINGS = NO;
				SWIFT_VERSION = 5.0;
				TARGETED_DEVICE_FAMILY = "1,2";
				TEST_TARGET_NAME = JobEarth;
			};
			name = Debug;
		};
		BFC648C22962BB360030600C /* Release */ = {
			isa = XCBuildConfiguration;
			buildSettings = {
				ALWAYS_EMBED_SWIFT_STANDARD_LIBRARIES = YES;
				CODE_SIGN_STYLE = Automatic;
				CURRENT_PROJECT_VERSION = 1;
				DEVELOPMENT_TEAM = 6RZRPUZ77T;
				GENERATE_INFOPLIST_FILE = YES;
				MARKETING_VERSION = 1.0;
				PRODUCT_BUNDLE_IDENTIFIER = com.simon.JobEarthUITests;
				PRODUCT_NAME = "$(TARGET_NAME)";
				SWIFT_EMIT_LOC_STRINGS = NO;
				SWIFT_VERSION = 5.0;
				TARGETED_DEVICE_FAMILY = "1,2";
				TEST_TARGET_NAME = JobEarth;
			};
			name = Release;
		};
/* End XCBuildConfiguration section */

/* Begin XCConfigurationList section */
		BFC6488B2962BB340030600C /* Build configuration list for PBXProject "JobEarth" */ = {
			isa = XCConfigurationList;
			buildConfigurations = (
				BFC648B82962BB360030600C /* Debug */,
				BFC648B92962BB360030600C /* Release */,
			);
			defaultConfigurationIsVisible = 0;
			defaultConfigurationName = Release;
		};
		BFC648BA2962BB360030600C /* Build configuration list for PBXNativeTarget "JobEarth" */ = {
			isa = XCConfigurationList;
			buildConfigurations = (
				BFC648BB2962BB360030600C /* Debug */,
				BFC648BC2962BB360030600C /* Release */,
			);
			defaultConfigurationIsVisible = 0;
			defaultConfigurationName = Release;
		};
		BFC648BD2962BB360030600C /* Build configuration list for PBXNativeTarget "JobEarthTests" */ = {
			isa = XCConfigurationList;
			buildConfigurations = (
				BFC648BE2962BB360030600C /* Debug */,
				BFC648BF2962BB360030600C /* Release */,
			);
			defaultConfigurationIsVisible = 0;
			defaultConfigurationName = Release;
		};
		BFC648C02962BB360030600C /* Build configuration list for PBXNativeTarget "JobEarthUITests" */ = {
			isa = XCConfigurationList;
			buildConfigurations = (
				BFC648C12962BB360030600C /* Debug */,
				BFC648C22962BB360030600C /* Release */,
			);
			defaultConfigurationIsVisible = 0;
			defaultConfigurationName = Release;
		};
/* End XCConfigurationList section */
	};
	rootObject = BFC648882962BB340030600C /* Project object */;
}
